
Microsoft Visual Studio Solution File, Format Version 12.00
# Visual Studio Version 17
VisualStudioVersion = 17.0.31903.59
MinimumVisualStudioVersion = 10.0.40219.1
Project("{FAE04EC0-301F-11D3-BF4B-00C04F79EFBC}") = "CalculadoraTestes", "CalculadoraTestes\CalculadoraTestes.csproj", "{01014FC1-D998-46BC-B77F-20F6540FF59A}"
EndProject
Project("{FAE04EC0-301F-11D3-BF4B-00C04F79EFBC}") = "Calculadoraprogram", "Calculadoraprogram\Calculadoraprogram.csproj", "{51CD6E22-A047-4D5E-A024-D7A2F4868495}"
EndProject
Global
	GlobalSection(SolutionConfigurationPlatforms) = preSolution
		Debug|Any CPU = Debug|Any CPU
		Release|Any CPU = Release|Any CPU
	EndGlobalSection
	GlobalSection(SolutionProperties) = preSolution
		HideSolutionNode = FALSE
	EndGlobalSection
	GlobalSection(ProjectConfigurationPlatforms) = postSolution
		{01014FC1-D998-46BC-B77F-20F6540FF59A}.Debug|Any CPU.ActiveCfg = Debug|Any CPU
		{01014FC1-D998-46BC-B77F-20F6540FF59A}.Debug|Any CPU.Build.0 = Debug|Any CPU
		{01014FC1-D998-46BC-B77F-20F6540FF59A}.Release|Any CPU.ActiveCfg = Release|Any CPU
		{01014FC1-D998-46BC-B77F-20F6540FF59A}.Release|Any CPU.Build.0 = Release|Any CPU
		{51CD6E22-A047-4D5E-A024-D7A2F4868495}.Debug|Any CPU.ActiveCfg = Debug|Any CPU
		{51CD6E22-A047-4D5E-A024-D7A2F4868495}.Debug|Any CPU.Build.0 = Debug|Any CPU
		{51CD6E22-A047-4D5E-A024-D7A2F4868495}.Release|Any CPU.ActiveCfg = Release|Any CPU
		{51CD6E22-A047-4D5E-A024-D7A2F4868495}.Release|Any CPU.Build.0 = Release|Any CPU
	EndGlobalSection
EndGlobal
